Microsoft Visual Studio Solution File, Format Version 12.00
# Visual Studio 14
VisualStudioVersion = 14.0.25420.1
MinimumVisualStudioVersion = 10.0.40219.1
Project("{8BC9CEB8-8B4A-11D0-8D11-00A0C91BC942}") = "OpenNI", "Source\Core\OpenNI.vcxproj", "{72D595BB-8C52-449B-91DB-0E9F6AEAF53A}"
	ProjectSection(ProjectDependencies) = postProject
		{72D595BB-8C52-449B-91DB-0E9F6AEAF5BB} = {72D595BB-8C52-449B-91DB-0E9F6AEAF5BB}
	EndProjectSection
EndProject
Project("{8BC9CEB8-8B4A-11D0-8D11-00A0C91BC942}") = "XnLib", "ThirdParty\PSCommon\XnLib\Source\XnLib.vcxproj", "{72D595BB-8C52-449B-91DB-0E9F6AEAF5BB}"
EndProject
Project("{8BC9CEB8-8B4A-11D0-8D11-00A0C91BC942}") = "DummyDevice", "Source\Drivers\DummyDevice\DummyDevice.vcxproj", "{B7DE6235-086E-42C6-B5AC-2DC795388ED9}"
	ProjectSection(ProjectDependencies) = postProject
		{72D595BB-8C52-449B-91DB-0E9F6AEAF5BB} = {72D595BB-8C52-449B-91DB-0E9F6AEAF5BB}
	EndProjectSection
EndProject
Project("{2150E333-8FDC-42A3-9474-1A3956D46DE8}") = "Devices", "Devices", "{238D091D-1A85-4A61-9DCD-483768C51804}"
EndProject
Project("{2150E333-8FDC-42A3-9474-1A3956D46DE8}") = "Tools", "Tools", "{20285393-1DB1-4300-8AD3-30AEAE3C5DA6}"
EndProject
Project("{8BC9CEB8-8B4A-11D0-8D11-00A0C91BC942}") = "NiViewer", "Source\Tools\NiViewer\NiViewer.vcxproj", "{BDA3BF24-550A-4BF9-83E5-0056134EED40}"
	ProjectSection(ProjectDependencies) = postProject
		{72D595BB-8C52-449B-91DB-0E9F6AEAF53A} = {72D595BB-8C52-449B-91DB-0E9F6AEAF53A}
		{72D595BB-8C52-449B-91DB-0E9F6AEAF5BB} = {72D595BB-8C52-449B-91DB-0E9F6AEAF5BB}
	EndProjectSection
EndProject
Project("{8BC9CEB8-8B4A-11D0-8D11-00A0C91BC942}") = "OniFile", "Source\Drivers\OniFile\OniFile.vcxproj", "{15ECC029-90DE-4D1D-B00A-4A8E647D8C24}"
	ProjectSection(ProjectDependencies) = postProject
		{72D595BB-8C52-449B-91DB-0E9F6AEAF5BB} = {72D595BB-8C52-449B-91DB-0E9F6AEAF5BB}
	EndProjectSection
EndProject
Project("{8BC9CEB8-8B4A-11D0-8D11-00A0C91BC942}") = "DepthUtils", "Source\DepthUtils\DepthUtils.vcxproj", "{72D595BB-8C52-449B-91DB-0E9F6AEABBBB}"
EndProject
Project("{8BC9CEB8-8B4A-11D0-8D11-00A0C91BC942}") = "Kinect2", "Source\Drivers\Kinect2\Kinect2.vcxproj", "{950CCD82-B435-4C10-8852-DDD8AAD14119}"
EndProject
Project("{8BC9CEB8-8B4A-11D0-8D11-00A0C91BC942}") = "PSLink", "Source\Drivers\PSLink\PSLink.vcxproj", "{5B74F010-8B79-46B5-B906-C2B56CDB3386}"
EndProject
Project("{8BC9CEB8-8B4A-11D0-8D11-00A0C91BC942}") = "PS1080", "Source\Drivers\PS1080\PS1080.vcxproj", "{9F6652AF-35F2-452E-A2D3-08D05F5C075E}"
EndProject
Global
	GlobalSection(SolutionConfigurationPlatforms) = preSolution
		Debug|x64 = Debug|x64
		Debug|x86 = Debug|x86
		Release|x64 = Release|x64
		Release|x86 = Release|x86
	EndGlobalSection
	GlobalSection(ProjectConfigurationPlatforms) = postSolution
		{72D595BB-8C52-449B-91DB-0E9F6AEAF53A}.Debug|x64.ActiveCfg = Debug|x64
		{72D595BB-8C52-449B-91DB-0E9F6AEAF53A}.Debug|x64.Build.0 = Debug|x64
		{72D595BB-8C52-449B-91DB-0E9F6AEAF53A}.Debug|x86.ActiveCfg = Debug|Win32
		{72D595BB-8C52-449B-91DB-0E9F6AEAF53A}.Debug|x86.Build.0 = Debug|Win32
		{72D595BB-8C52-449B-91DB-0E9F6AEAF53A}.Release|x64.ActiveCfg = Release|x64
		{72D595BB-8C52-449B-91DB-0E9F6AEAF53A}.Release|x64.Build.0 = Release|x64
		{72D595BB-8C52-449B-91DB-0E9F6AEAF53A}.Release|x86.ActiveCfg = Release|Win32
		{72D595BB-8C52-449B-91DB-0E9F6AEAF53A}.Release|x86.Build.0 = Release|Win32
		{72D595BB-8C52-449B-91DB-0E9F6AEAF5BB}.Debug|x64.ActiveCfg = Debug|x64
		{72D595BB-8C52-449B-91DB-0E9F6AEAF5BB}.Debug|x64.Build.0 = Debug|x64
		{72D595BB-8C52-449B-91DB-0E9F6AEAF5BB}.Debug|x86.ActiveCfg = Debug|Win32
		{72D595BB-8C52-449B-91DB-0E9F6AEAF5BB}.Debug|x86.Build.0 = Debug|Win32
		{72D595BB-8C52-449B-91DB-0E9F6AEAF5BB}.Release|x64.ActiveCfg = Release|x64
		{72D595BB-8C52-449B-91DB-0E9F6AEAF5BB}.Release|x64.Build.0 = Release|x64
		{72D595BB-8C52-449B-91DB-0E9F6AEAF5BB}.Release|x86.ActiveCfg = Release|Win32
		{72D595BB-8C52-449B-91DB-0E9F6AEAF5BB}.Release|x86.Build.0 = Release|Win32
		{B7DE6235-086E-42C6-B5AC-2DC795388ED9}.Debug|x64.ActiveCfg = Debug|x64
		{B7DE6235-086E-42C6-B5AC-2DC795388ED9}.Debug|x64.Build.0 = Debug|x64
		{B7DE6235-086E-42C6-B5AC-2DC795388ED9}.Debug|x86.ActiveCfg = Debug|Win32
		{B7DE6235-086E-42C6-B5AC-2DC795388ED9}.Debug|x86.Build.0 = Debug|Win32
		{B7DE6235-086E-42C6-B5AC-2DC795388ED9}.Release|x64.ActiveCfg = Release|x64
		{B7DE6235-086E-42C6-B5AC-2DC795388ED9}.Release|x64.Build.0 = Release|x64
		{B7DE6235-086E-42C6-B5AC-2DC795388ED9}.Release|x86.ActiveCfg = Release|Win32
		{B7DE6235-086E-42C6-B5AC-2DC795388ED9}.Release|x86.Build.0 = Release|Win32
		{BDA3BF24-550A-4BF9-83E5-0056134EED40}.Debug|x64.ActiveCfg = Debug|x64
		{BDA3BF24-550A-4BF9-83E5-0056134EED40}.Debug|x64.Build.0 = Debug|x64
		{BDA3BF24-550A-4BF9-83E5-0056134EED40}.Debug|x86.ActiveCfg = Debug|Win32
		{BDA3BF24-550A-4BF9-83E5-0056134EED40}.Debug|x86.Build.0 = Debug|Win32
		{BDA3BF24-550A-4BF9-83E5-0056134EED40}.Release|x64.ActiveCfg = Release|x64
		{BDA3BF24-550A-4BF9-83E5-0056134EED40}.Release|x64.Build.0 = Release|x64
		{BDA3BF24-550A-4BF9-83E5-0056134EED40}.Release|x86.ActiveCfg = Release|Win32
		{BDA3BF24-550A-4BF9-83E5-0056134EED40}.Release|x86.Build.0 = Release|Win32
		{15ECC029-90DE-4D1D-B00A-4A8E647D8C24}.Debug|x64.ActiveCfg = Debug|x64
		{15ECC029-90DE-4D1D-B00A-4A8E647D8C24}.Debug|x64.Build.0 = Debug|x64
		{15ECC029-90DE-4D1D-B00A-4A8E647D8C24}.Debug|x86.ActiveCfg = Debug|Win32
		{15ECC029-90DE-4D1D-B00A-4A8E647D8C24}.Debug|x86.Build.0 = Debug|Win32
		{15ECC029-90DE-4D1D-B00A-4A8E647D8C24}.Release|x64.ActiveCfg = Release|x64
		{15ECC029-90DE-4D1D-B00A-4A8E647D8C24}.Release|x64.Build.0 = Release|x64
		{15ECC029-90DE-4D1D-B00A-4A8E647D8C24}.Release|x86.ActiveCfg = Release|Win32
		{15ECC029-90DE-4D1D-B00A-4A8E647D8C24}.Release|x86.Build.0 = Release|Win32
		{72D595BB-8C52-449B-91DB-0E9F6AEABBBB}.Debug|x64.ActiveCfg = Debug|x64
		{72D595BB-8C52-449B-91DB-0E9F6AEABBBB}.Debug|x64.Build.0 = Debug|x64
		{72D595BB-8C52-449B-91DB-0E9F6AEABBBB}.Debug|x86.ActiveCfg = Debug|Win32
		{72D595BB-8C52-449B-91DB-0E9F6AEABBBB}.Debug|x86.Build.0 = Debug|Win32
		{72D595BB-8C52-449B-91DB-0E9F6AEABBBB}.Release|x64.ActiveCfg = Release|x64
		{72D595BB-8C52-449B-91DB-0E9F6AEABBBB}.Release|x64.Build.0 = Release|x64
		{72D595BB-8C52-449B-91DB-0E9F6AEABBBB}.Release|x86.ActiveCfg = Release|Win32
		{72D595BB-8C52-449B-91DB-0E9F6AEABBBB}.Release|x86.Build.0 = Release|Win32
		{950CCD82-B435-4C10-8852-DDD8AAD14119}.Debug|x64.ActiveCfg = Debug|x64
		{950CCD82-B435-4C10-8852-DDD8AAD14119}.Debug|x64.Build.0 = Debug|x64
		{950CCD82-B435-4C10-8852-DDD8AAD14119}.Debug|x86.ActiveCfg = Debug|Win32
		{950CCD82-B435-4C10-8852-DDD8AAD14119}.Debug|x86.Build.0 = Debug|Win32
		{950CCD82-B435-4C10-8852-DDD8AAD14119}.Release|x64.ActiveCfg = Release|x64
		{950CCD82-B435-4C10-8852-DDD8AAD14119}.Release|x64.Build.0 = Release|x64
		{950CCD82-B435-4C10-8852-DDD8AAD14119}.Release|x86.ActiveCfg = Release|Win32
		{950CCD82-B435-4C10-8852-DDD8AAD14119}.Release|x86.Build.0 = Release|Win32
		{5B74F010-8B79-46B5-B906-C2B56CDB3386}.Debug|x64.ActiveCfg = Debug|x64
		{5B74F010-8B79-46B5-B906-C2B56CDB3386}.Debug|x64.Build.0 = Debug|x64
		{5B74F010-8B79-46B5-B906-C2B56CDB3386}.Debug|x86.ActiveCfg = Debug|Win32
		{5B74F010-8B79-46B5-B906-C2B56CDB3386}.Debug|x86.Build.0 = Debug|Win32
		{5B74F010-8B79-46B5-B906-C2B56CDB3386}.Release|x64.ActiveCfg = Release|x64
		{5B74F010-8B79-46B5-B906-C2B56CDB3386}.Release|x64.Build.0 = Release|x64
		{5B74F010-8B79-46B5-B906-C2B56CDB3386}.Release|x86.ActiveCfg = Release|Win32
		{5B74F010-8B79-46B5-B906-C2B56CDB3386}.Release|x86.Build.0 = Release|Win32
		{9F6652AF-35F2-452E-A2D3-08D05F5C075E}.Debug|x64.ActiveCfg = Debug|x64
		{9F6652AF-35F2-452E-A2D3-08D05F5C075E}.Debug|x64.Build.0 = Debug|x64
		{9F6652AF-35F2-452E-A2D3-08D05F5C075E}.Debug|x86.ActiveCfg = Debug|Win32
		{9F6652AF-35F2-452E-A2D3-08D05F5C075E}.Debug|x86.Build.0 = Debug|Win32
		{9F6652AF-35F2-452E-A2D3-08D05F5C075E}.Release|x64.ActiveCfg = Release|x64
		{9F6652AF-35F2-452E-A2D3-08D05F5C075E}.Release|x64.Build.0 = Release|x64
		{9F6652AF-35F2-452E-A2D3-08D05F5C075E}.Release|x86.ActiveCfg = Release|Win32
		{9F6652AF-35F2-452E-A2D3-08D05F5C075E}.Release|x86.Build.0 = Release|Win32
	EndGlobalSection
	GlobalSection(SolutionProperties) = preSolution
		HideSolutionNode = FALSE
	EndGlobalSection
	GlobalSection(NestedProjects) = preSolution
		{B7DE6235-086E-42C6-B5AC-2DC795388ED9} = {238D091D-1A85-4A61-9DCD-483768C51804}
		{BDA3BF24-550A-4BF9-83E5-0056134EED40} = {20285393-1DB1-4300-8AD3-30AEAE3C5DA6}
		{15ECC029-90DE-4D1D-B00A-4A8E647D8C24} = {238D091D-1A85-4A61-9DCD-483768C51804}
		{950CCD82-B435-4C10-8852-DDD8AAD14119} = {238D091D-1A85-4A61-9DCD-483768C51804}
		{5B74F010-8B79-46B5-B906-C2B56CDB3386} = {238D091D-1A85-4A61-9DCD-483768C51804}
		{9F6652AF-35F2-452E-A2D3-08D05F5C075E} = {238D091D-1A85-4A61-9DCD-483768C51804}
	EndGlobalSection
EndGlobal
